
Microsoft Visual Studio Solution File, Format Version 12.00
# Visual Studio Version 16
VisualStudioVersion = 16.0.29009.5
MinimumVisualStudioVersion = 10.0.40219.1
Project("{FAE04EC0-301F-11D3-BF4B-00C04F79EFBC}") = "DriversLogbookApp", "DriversLogbookApp.csproj", "{4F775027-650D-4C3D-A979-E65C42E48588}"
EndProject
Global
	GlobalSection(SolutionConfigurationPlatforms) = preSolution
		Debug|Any CPU = Debug|Any CPU
		Release|Any CPU = Release|Any CPU
	EndGlobalSection
	GlobalSection(ProjectConfigurationPlatforms) = postSolution
		{4F775027-650D-4C3D-A979-E65C42E48588}.Debug|Any CPU.ActiveCfg = Debug|Any CPU
		{4F775027-650D-4C3D-A979-E65C42E48588}.Debug|Any CPU.Build.0 = Debug|Any CPU
		{4F775027-650D-4C3D-A979-E65C42E48588}.Release|Any CPU.ActiveCfg = Release|Any CPU
		{4F775027-650D-4C3D-A979-E65C42E48588}.Release|Any CPU.Build.0 = Release|Any CPU
	EndGlobalSection
	GlobalSection(SolutionProperties) = preSolution
		HideSolutionNode = FALSE
	EndGlobalSection
	GlobalSection(ExtensibilityGlobals) = postSolution
		SolutionGuid = {C7C06D02-697E-438A-8D18-95D376565A1B}
	EndGlobalSection
EndGlobal
